
Microsoft Visual Studio Solution File, Format Version 12.00
# Visual Studio Version 16
VisualStudioVersion = 16.0.29411.108
MinimumVisualStudioVersion = 10.0.40219.1
Project("{FAE04EC0-301F-11D3-BF4B-00C04F79EFBC}") = "UriSender.UWP", "UriSender\UriSender.UWP\UriSender.UWP.csproj", "{6D5792EB-2F86-4F51-B9CE-12EBCE392A32}"
EndProject
Project("{FAE04EC0-301F-11D3-BF4B-00C04F79EFBC}") = "UriSender.Android", "UriSender\UriSender.Android\UriSender.Android.csproj", "{FD5EDB7E-E774-4036-A47A-F93C30B33A86}"
EndProject
Project("{FAE04EC0-301F-11D3-BF4B-00C04F79EFBC}") = "UriSender.iOS", "UriSender\UriSender.iOS\UriSender.iOS.csproj", "{420AF9F2-3589-4FA6-BA97-516BC4F794AB}"
EndProject
Project("{FAE04EC0-301F-11D3-BF4B-00C04F79EFBC}") = "UriSender", "UriSender\UriSender\UriSender.csproj", "{6E8167D8-6D1E-4DB7-A5AB-ABF311F4F674}"
EndProject
Project("{2150E333-8FDC-42A3-9474-1A3956D46DE8}") = "UriSchemeSender", "UriSchemeSender", "{43E50606-1561-4565-9937-AA482143C369}"
EndProject
Project("{2150E333-8FDC-42A3-9474-1A3956D46DE8}") = "UriSchemeReceiver", "UriSchemeReceiver", "{05F966A8-A1A0-46BB-997F-D2A5E8FA00EE}"
EndProject
Project("{FAE04EC0-301F-11D3-BF4B-00C04F79EFBC}") = "UriReceiver.UWP", "UriReceiver\UriReceiver.UWP\UriReceiver.UWP.csproj", "{4023DC77-F63E-48AA-B39A-9D980AB5A93C}"
EndProject
Project("{FAE04EC0-301F-11D3-BF4B-00C04F79EFBC}") = "UriReceiver.Android", "UriReceiver\UriReceiver.Android\UriReceiver.Android.csproj", "{675CB7E1-6925-44EF-B768-E3918F33409F}"
EndProject
Project("{FAE04EC0-301F-11D3-BF4B-00C04F79EFBC}") = "UriReceiver.iOS", "UriReceiver\UriReceiver.iOS\UriReceiver.iOS.csproj", "{D463210D-1832-4F31-B247-C6D79D4A610B}"
EndProject
Project("{FAE04EC0-301F-11D3-BF4B-00C04F79EFBC}") = "UriReceiver", "UriReceiver\UriReceiver\UriReceiver.csproj", "{E46CB0D8-9060-48C0-9FF3-C96F188239C6}"
EndProject
Global
	GlobalSection(SolutionConfigurationPlatforms) = preSolution
		Debug|Any CPU = Debug|Any CPU
		Debug|ARM = Debug|ARM
		Debug|iPhone = Debug|iPhone
		Debug|iPhoneSimulator = Debug|iPhoneSimulator
		Debug|x64 = Debug|x64
		Debug|x86 = Debug|x86
		Release|Any CPU = Release|Any CPU
		Release|ARM = Release|ARM
		Release|iPhone = Release|iPhone
		Release|iPhoneSimulator = Release|iPhoneSimulator
		Release|x64 = Release|x64
		Release|x86 = Release|x86
	EndGlobalSection
	GlobalSection(ProjectConfigurationPlatforms) = postSolution
		{6D5792EB-2F86-4F51-B9CE-12EBCE392A32}.Debug|Any CPU.ActiveCfg = Debug|x86
		{6D5792EB-2F86-4F51-B9CE-12EBCE392A32}.Debug|ARM.ActiveCfg = Debug|ARM
		{6D5792EB-2F86-4F51-B9CE-12EBCE392A32}.Debug|ARM.Build.0 = Debug|ARM
		{6D5792EB-2F86-4F51-B9CE-12EBCE392A32}.Debug|ARM.Deploy.0 = Debug|ARM
		{6D5792EB-2F86-4F51-B9CE-12EBCE392A32}.Debug|iPhone.ActiveCfg = Debug|x86
		{6D5792EB-2F86-4F51-B9CE-12EBCE392A32}.Debug|iPhoneSimulator.ActiveCfg = Debug|x86
		{6D5792EB-2F86-4F51-B9CE-12EBCE392A32}.Debug|x64.ActiveCfg = Debug|x64
		{6D5792EB-2F86-4F51-B9CE-12EBCE392A32}.Debug|x64.Build.0 = Debug|x64
		{6D5792EB-2F86-4F51-B9CE-12EBCE392A32}.Debug|x64.Deploy.0 = Debug|x64
		{6D5792EB-2F86-4F51-B9CE-12EBCE392A32}.Debug|x86.ActiveCfg = Debug|x86
		{6D5792EB-2F86-4F51-B9CE-12EBCE392A32}.Debug|x86.Build.0 = Debug|x86
		{6D5792EB-2F86-4F51-B9CE-12EBCE392A32}.Debug|x86.Deploy.0 = Debug|x86
		{6D5792EB-2F86-4F51-B9CE-12EBCE392A32}.Release|Any CPU.ActiveCfg = Release|x86
		{6D5792EB-2F86-4F51-B9CE-12EBCE392A32}.Release|ARM.ActiveCfg = Release|ARM
		{6D5792EB-2F86-4F51-B9CE-12EBCE392A32}.Release|ARM.Build.0 = Release|ARM
		{6D5792EB-2F86-4F51-B9CE-12EBCE392A32}.Release|ARM.Deploy.0 = Release|ARM
		{6D5792EB-2F86-4F51-B9CE-12EBCE392A32}.Release|iPhone.ActiveCfg = Release|x86
		{6D5792EB-2F86-4F51-B9CE-12EBCE392A32}.Release|iPhoneSimulator.ActiveCfg = Release|x86
		{6D5792EB-2F86-4F51-B9CE-12EBCE392A32}.Release|x64.ActiveCfg = Release|x64
		{6D5792EB-2F86-4F51-B9CE-12EBCE392A32}.Release|x64.Build.0 = Release|x64
		{6D5792EB-2F86-4F51-B9CE-12EBCE392A32}.Release|x64.Deploy.0 = Release|x64
		{6D5792EB-2F86-4F51-B9CE-12EBCE392A32}.Release|x86.ActiveCfg = Release|x86
		{6D5792EB-2F86-4F51-B9CE-12EBCE392A32}.Release|x86.Build.0 = Release|x86
		{6D5792EB-2F86-4F51-B9CE-12EBCE392A32}.Release|x86.Deploy.0 = Release|x86
		{FD5EDB7E-E774-4036-A47A-F93C30B33A86}.Debug|Any CPU.ActiveCfg = Debug|Any CPU
		{FD5EDB7E-E774-4036-A47A-F93C30B33A86}.Debug|Any CPU.Build.0 = Debug|Any CPU
		{FD5EDB7E-E774-4036-A47A-F93C30B33A86}.Debug|Any CPU.Deploy.0 = Debug|Any CPU
		{FD5EDB7E-E774-4036-A47A-F93C30B33A86}.Debug|ARM.ActiveCfg = Debug|Any CPU
		{FD5EDB7E-E774-4036-A47A-F93C30B33A86}.Debug|ARM.Build.0 = Debug|Any CPU
		{FD5EDB7E-E774-4036-A47A-F93C30B33A86}.Debug|ARM.Deploy.0 = Debug|Any CPU
		{FD5EDB7E-E774-4036-A47A-F93C30B33A86}.Debug|iPhone.ActiveCfg = Debug|Any CPU
		{FD5EDB7E-E774-4036-A47A-F93C30B33A86}.Debug|iPhone.Build.0 = Debug|Any CPU
		{FD5EDB7E-E774-4036-A47A-F93C30B33A86}.Debug|iPhone.Deploy.0 = Debug|Any CPU
		{FD5EDB7E-E774-4036-A47A-F93C30B33A86}.Debug|iPhoneSimulator.ActiveCfg = Debug|Any CPU
		{FD5EDB7E-E774-4036-A47A-F93C30B33A86}.Debug|iPhoneSimulator.Build.0 = Debug|Any CPU
		{FD5EDB7E-E774-4036-A47A-F93C30B33A86}.Debug|iPhoneSimulator.Deploy.0 = Debug|Any CPU
		{FD5EDB7E-E774-4036-A47A-F93C30B33A86}.Debug|x64.ActiveCfg = Debug|Any CPU
		{FD5EDB7E-E774-4036-A47A-F93C30B33A86}.Debug|x64.Build.0 = Debug|Any CPU
		{FD5EDB7E-E774-4036-A47A-F93C30B33A86}.Debug|x64.Deploy.0 = Debug|Any CPU
		{FD5EDB7E-E774-4036-A47A-F93C30B33A86}.Debug|x86.ActiveCfg = Debug|Any CPU
		{FD5EDB7E-E774-4036-A47A-F93C30B33A86}.Debug|x86.Build.0 = Debug|Any CPU
		{FD5EDB7E-E774-4036-A47A-F93C30B33A86}.Debug|x86.Deploy.0 = Debug|Any CPU
		{FD5EDB7E-E774-4036-A47A-F93C30B33A86}.Release|Any CPU.ActiveCfg = Release|Any CPU
		{FD5EDB7E-E774-4036-A47A-F93C30B33A86}.Release|Any CPU.Build.0 = Release|Any CPU
		{FD5EDB7E-E774-4036-A47A-F93C30B33A86}.Release|Any CPU.Deploy.0 = Release|Any CPU
		{FD5EDB7E-E774-4036-A47A-F93C30B33A86}.Release|ARM.ActiveCfg = Release|Any CPU
		{FD5EDB7E-E774-4036-A47A-F93C30B33A86}.Release|ARM.Build.0 = Release|Any CPU
		{FD5EDB7E-E774-4036-A47A-F93C30B33A86}.Release|ARM.Deploy.0 = Release|Any CPU
		{FD5EDB7E-E774-4036-A47A-F93C30B33A86}.Release|iPhone.ActiveCfg = Release|Any CPU
		{FD5EDB7E-E774-4036-A47A-F93C30B33A86}.Release|iPhone.Build.0 = Release|Any CPU
		{FD5EDB7E-E774-4036-A47A-F93C30B33A86}.Release|iPhone.Deploy.0 = Release|Any CPU
		{FD5EDB7E-E774-4036-A47A-F93C30B33A86}.Release|iPhoneSimulator.ActiveCfg = Release|Any CPU
		{FD5EDB7E-E774-4036-A47A-F93C30B33A86}.Release|iPhoneSimulator.Build.0 = Release|Any CPU
		{FD5EDB7E-E774-4036-A47A-F93C30B33A86}.Release|iPhoneSimulator.Deploy.0 = Release|Any CPU
		{FD5EDB7E-E774-4036-A47A-F93C30B33A86}.Release|x64.ActiveCfg = Release|Any CPU
		{FD5EDB7E-E774-4036-A47A-F93C30B33A86}.Release|x64.Build.0 = Release|Any CPU
		{FD5EDB7E-E774-4036-A47A-F93C30B33A86}.Release|x64.Deploy.0 = Release|Any CPU
		{FD5EDB7E-E774-4036-A47A-F93C30B33A86}.Release|x86.ActiveCfg = Release|Any CPU
		{FD5EDB7E-E774-4036-A47A-F93C30B33A86}.Release|x86.Build.0 = Release|Any CPU
		{FD5EDB7E-E774-4036-A47A-F93C30B33A86}.Release|x86.Deploy.0 = Release|Any CPU
		{420AF9F2-3589-4FA6-BA97-516BC4F794AB}.Debug|Any CPU.ActiveCfg = Debug|iPhone
		{420AF9F2-3589-4FA6-BA97-516BC4F794AB}.Debug|ARM.ActiveCfg = Debug|iPhone
		{420AF9F2-3589-4FA6-BA97-516BC4F794AB}.Debug|iPhone.ActiveCfg = Debug|iPhone
		{420AF9F2-3589-4FA6-BA97-516BC4F794AB}.Debug|iPhone.Build.0 = Debug|iPhone
		{420AF9F2-3589-4FA6-BA97-516BC4F794AB}.Debug|iPhoneSimulator.ActiveCfg = Debug|iPhoneSimulator
		{420AF9F2-3589-4FA6-BA97-516BC4F794AB}.Debug|iPhoneSimulator.Build.0 = Debug|iPhoneSimulator
		{420AF9F2-3589-4FA6-BA97-516BC4F794AB}.Debug|x64.ActiveCfg = Debug|iPhone
		{420AF9F2-3589-4FA6-BA97-516BC4F794AB}.Debug|x86.ActiveCfg = Debug|iPhone
		{420AF9F2-3589-4FA6-BA97-516BC4F794AB}.Release|Any CPU.ActiveCfg = Release|iPhone
		{420AF9F2-3589-4FA6-BA97-516BC4F794AB}.Release|ARM.ActiveCfg = Release|iPhone
		{420AF9F2-3589-4FA6-BA97-516BC4F794AB}.Release|iPhone.ActiveCfg = Release|iPhone
		{420AF9F2-3589-4FA6-BA97-516BC4F794AB}.Release|iPhone.Build.0 = Release|iPhone
		{420AF9F2-3589-4FA6-BA97-516BC4F794AB}.Release|iPhoneSimulator.ActiveCfg = Release|iPhoneSimulator
		{420AF9F2-3589-4FA6-BA97-516BC4F794AB}.Release|iPhoneSimulator.Build.0 = Release|iPhoneSimulator
		{420AF9F2-3589-4FA6-BA97-516BC4F794AB}.Release|x64.ActiveCfg = Release|iPhone
		{420AF9F2-3589-4FA6-BA97-516BC4F794AB}.Release|x86.ActiveCfg = Release|iPhone
		{6E8167D8-6D1E-4DB7-A5AB-ABF311F4F674}.Debug|Any CPU.ActiveCfg = Debug|Any CPU
		{6E8167D8-6D1E-4DB7-A5AB-ABF311F4F674}.Debug|Any CPU.Build.0 = Debug|Any CPU
		{6E8167D8-6D1E-4DB7-A5AB-ABF311F4F674}.Debug|ARM.ActiveCfg = Debug|Any CPU
		{6E8167D8-6D1E-4DB7-A5AB-ABF311F4F674}.Debug|ARM.Build.0 = Debug|Any CPU
		{6E8167D8-6D1E-4DB7-A5AB-ABF311F4F674}.Debug|iPhone.ActiveCfg = Debug|Any CPU
		{6E8167D8-6D1E-4DB7-A5AB-ABF311F4F674}.Debug|iPhone.Build.0 = Debug|Any CPU
		{6E8167D8-6D1E-4DB7-A5AB-ABF311F4F674}.Debug|iPhoneSimulator.ActiveCfg = Debug|Any CPU
		{6E8167D8-6D1E-4DB7-A5AB-ABF311F4F674}.Debug|iPhoneSimulator.Build.0 = Debug|Any CPU
		{6E8167D8-6D1E-4DB7-A5AB-ABF311F4F674}.Debug|x64.ActiveCfg = Debug|Any CPU
		{6E8167D8-6D1E-4DB7-A5AB-ABF311F4F674}.Debug|x64.Build.0 = Debug|Any CPU
		{6E8167D8-6D1E-4DB7-A5AB-ABF311F4F674}.Debug|x86.ActiveCfg = Debug|Any CPU
		{6E8167D8-6D1E-4DB7-A5AB-ABF311F4F674}.Debug|x86.Build.0 = Debug|Any CPU
		{6E8167D8-6D1E-4DB7-A5AB-ABF311F4F674}.Release|Any CPU.ActiveCfg = Release|Any CPU
		{6E8167D8-6D1E-4DB7-A5AB-ABF311F4F674}.Release|Any CPU.Build.0 = Release|Any CPU
		{6E8167D8-6D1E-4DB7-A5AB-ABF311F4F674}.Release|ARM.ActiveCfg = Release|Any CPU
		{6E8167D8-6D1E-4DB7-A5AB-ABF311F4F674}.Release|ARM.Build.0 = Release|Any CPU
		{6E8167D8-6D1E-4DB7-A5AB-ABF311F4F674}.Release|iPhone.ActiveCfg = Release|Any CPU
		{6E8167D8-6D1E-4DB7-A5AB-ABF311F4F674}.Release|iPhone.Build.0 = Release|Any CPU
		{6E8167D8-6D1E-4DB7-A5AB-ABF311F4F674}.Release|iPhoneSimulator.ActiveCfg = Release|Any CPU
		{6E8167D8-6D1E-4DB7-A5AB-ABF311F4F674}.Release|iPhoneSimulator.Build.0 = Release|Any CPU
		{6E8167D8-6D1E-4DB7-A5AB-ABF311F4F674}.Release|x64.ActiveCfg = Release|Any CPU
		{6E8167D8-6D1E-4DB7-A5AB-ABF311F4F674}.Release|x64.Build.0 = Release|Any CPU
		{6E8167D8-6D1E-4DB7-A5AB-ABF311F4F674}.Release|x86.ActiveCfg = Release|Any CPU
		{6E8167D8-6D1E-4DB7-A5AB-ABF311F4F674}.Release|x86.Build.0 = Release|Any CPU
		{4023DC77-F63E-48AA-B39A-9D980AB5A93C}.Debug|Any CPU.ActiveCfg = Debug|x86
		{4023DC77-F63E-48AA-B39A-9D980AB5A93C}.Debug|ARM.ActiveCfg = Debug|ARM
		{4023DC77-F63E-48AA-B39A-9D980AB5A93C}.Debug|ARM.Build.0 = Debug|ARM
		{4023DC77-F63E-48AA-B39A-9D980AB5A93C}.Debug|ARM.Deploy.0 = Debug|ARM
		{4023DC77-F63E-48AA-B39A-9D980AB5A93C}.Debug|iPhone.ActiveCfg = Debug|x86
		{4023DC77-F63E-48AA-B39A-9D980AB5A93C}.Debug|iPhoneSimulator.ActiveCfg = Debug|x86
		{4023DC77-F63E-48AA-B39A-9D980AB5A93C}.Debug|x64.ActiveCfg = Debug|x64
		{4023DC77-F63E-48AA-B39A-9D980AB5A93C}.Debug|x64.Build.0 = Debug|x64
		{4023DC77-F63E-48AA-B39A-9D980AB5A93C}.Debug|x64.Deploy.0 = Debug|x64
		{4023DC77-F63E-48AA-B39A-9D980AB5A93C}.Debug|x86.ActiveCfg = Debug|x86
		{4023DC77-F63E-48AA-B39A-9D980AB5A93C}.Debug|x86.Build.0 = Debug|x86
		{4023DC77-F63E-48AA-B39A-9D980AB5A93C}.Debug|x86.Deploy.0 = Debug|x86
		{4023DC77-F63E-48AA-B39A-9D980AB5A93C}.Release|Any CPU.ActiveCfg = Release|x86
		{4023DC77-F63E-48AA-B39A-9D980AB5A93C}.Release|ARM.ActiveCfg = Release|ARM
		{4023DC77-F63E-48AA-B39A-9D980AB5A93C}.Release|ARM.Build.0 = Release|ARM
		{4023DC77-F63E-48AA-B39A-9D980AB5A93C}.Release|ARM.Deploy.0 = Release|ARM
		{4023DC77-F63E-48AA-B39A-9D980AB5A93C}.Release|iPhone.ActiveCfg = Release|x86
		{4023DC77-F63E-48AA-B39A-9D980AB5A93C}.Release|iPhoneSimulator.ActiveCfg = Release|x86
		{4023DC77-F63E-48AA-B39A-9D980AB5A93C}.Release|x64.ActiveCfg = Release|x64
		{4023DC77-F63E-48AA-B39A-9D980AB5A93C}.Release|x64.Build.0 = Release|x64
		{4023DC77-F63E-48AA-B39A-9D980AB5A93C}.Release|x64.Deploy.0 = Release|x64
		{4023DC77-F63E-48AA-B39A-9D980AB5A93C}.Release|x86.ActiveCfg = Release|x86
		{4023DC77-F63E-48AA-B39A-9D980AB5A93C}.Release|x86.Build.0 = Release|x86
		{4023DC77-F63E-48AA-B39A-9D980AB5A93C}.Release|x86.Deploy.0 = Release|x86
		{675CB7E1-6925-44EF-B768-E3918F33409F}.Debug|Any CPU.ActiveCfg = Debug|Any CPU
		{675CB7E1-6925-44EF-B768-E3918F33409F}.Debug|Any CPU.Build.0 = Debug|Any CPU
		{675CB7E1-6925-44EF-B768-E3918F33409F}.Debug|Any CPU.Deploy.0 = Debug|Any CPU
		{675CB7E1-6925-44EF-B768-E3918F33409F}.Debug|ARM.ActiveCfg = Debug|Any CPU
		{675CB7E1-6925-44EF-B768-E3918F33409F}.Debug|ARM.Build.0 = Debug|Any CPU
		{675CB7E1-6925-44EF-B768-E3918F33409F}.Debug|ARM.Deploy.0 = Debug|Any CPU
		{675CB7E1-6925-44EF-B768-E3918F33409F}.Debug|iPhone.ActiveCfg = Debug|Any CPU
		{675CB7E1-6925-44EF-B768-E3918F33409F}.Debug|iPhone.Build.0 = Debug|Any CPU
		{675CB7E1-6925-44EF-B768-E3918F33409F}.Debug|iPhone.Deploy.0 = Debug|Any CPU
		{675CB7E1-6925-44EF-B768-E3918F33409F}.Debug|iPhoneSimulator.ActiveCfg = Debug|Any CPU
		{675CB7E1-6925-44EF-B768-E3918F33409F}.Debug|iPhoneSimulator.Build.0 = Debug|Any CPU
		{675CB7E1-6925-44EF-B768-E3918F33409F}.Debug|iPhoneSimulator.Deploy.0 = Debug|Any CPU
		{675CB7E1-6925-44EF-B768-E3918F33409F}.Debug|x64.ActiveCfg = Debug|Any CPU
		{675CB7E1-6925-44EF-B768-E3918F33409F}.Debug|x64.Build.0 = Debug|Any CPU
		{675CB7E1-6925-44EF-B768-E3918F33409F}.Debug|x64.Deploy.0 = Debug|Any CPU
		{675CB7E1-6925-44EF-B768-E3918F33409F}.Debug|x86.ActiveCfg = Debug|Any CPU
		{675CB7E1-6925-44EF-B768-E3918F33409F}.Debug|x86.Build.0 = Debug|Any CPU
		{675CB7E1-6925-44EF-B768-E3918F33409F}.Debug|x86.Deploy.0 = Debug|Any CPU
		{675CB7E1-6925-44EF-B768-E3918F33409F}.Release|Any CPU.ActiveCfg = Release|Any CPU
		{675CB7E1-6925-44EF-B768-E3918F33409F}.Release|Any CPU.Build.0 = Release|Any CPU
		{675CB7E1-6925-44EF-B768-E3918F33409F}.Release|Any CPU.Deploy.0 = Release|Any CPU
		{675CB7E1-6925-44EF-B768-E3918F33409F}.Release|ARM.ActiveCfg = Release|Any CPU
		{675CB7E1-6925-44EF-B768-E3918F33409F}.Release|ARM.Build.0 = Release|Any CPU
		{675CB7E1-6925-44EF-B768-E3918F33409F}.Release|ARM.Deploy.0 = Release|Any CPU
		{675CB7E1-6925-44EF-B768-E3918F33409F}.Release|iPhone.ActiveCfg = Release|Any CPU
		{675CB7E1-6925-44EF-B768-E3918F33409F}.Release|iPhone.Build.0 = Release|Any CPU
		{675CB7E1-6925-44EF-B768-E3918F33409F}.Release|iPhone.Deploy.0 = Release|Any CPU
		{675CB7E1-6925-44EF-B768-E3918F33409F}.Release|iPhoneSimulator.ActiveCfg = Release|Any CPU
		{675CB7E1-6925-44EF-B768-E3918F33409F}.Release|iPhoneSimulator.Build.0 = Release|Any CPU
		{675CB7E1-6925-44EF-B768-E3918F33409F}.Release|iPhoneSimulator.Deploy.0 = Release|Any CPU
		{675CB7E1-6925-44EF-B768-E3918F33409F}.Release|x64.ActiveCfg = Release|Any CPU
		{675CB7E1-6925-44EF-B768-E3918F33409F}.Release|x64.Build.0 = Release|Any CPU
		{675CB7E1-6925-44EF-B768-E3918F33409F}.Release|x64.Deploy.0 = Release|Any CPU
		{675CB7E1-6925-44EF-B768-E3918F33409F}.Release|x86.ActiveCfg = Release|Any CPU
		{675CB7E1-6925-44EF-B768-E3918F33409F}.Release|x86.Build.0 = Release|Any CPU
		{675CB7E1-6925-44EF-B768-E3918F33409F}.Release|x86.Deploy.0 = Release|Any CPU
		{D463210D-1832-4F31-B247-C6D79D4A610B}.Debug|Any CPU.ActiveCfg = Debug|iPhone
		{D463210D-1832-4F31-B247-C6D79D4A610B}.Debug|ARM.ActiveCfg = Debug|iPhone
		{D463210D-1832-4F31-B247-C6D79D4A610B}.Debug|iPhone.ActiveCfg = Debug|iPhone
		{D463210D-1832-4F31-B247-C6D79D4A610B}.Debug|iPhone.Build.0 = Debug|iPhone
		{D463210D-1832-4F31-B247-C6D79D4A610B}.Debug|iPhoneSimulator.ActiveCfg = Debug|iPhoneSimulator
		{D463210D-1832-4F31-B247-C6D79D4A610B}.Debug|iPhoneSimulator.Build.0 = Debug|iPhoneSimulator
		{D463210D-1832-4F31-B247-C6D79D4A610B}.Debug|x64.ActiveCfg = Debug|iPhone
		{D463210D-1832-4F31-B247-C6D79D4A610B}.Debug|x86.ActiveCfg = Debug|iPhone
		{D463210D-1832-4F31-B247-C6D79D4A610B}.Release|Any CPU.ActiveCfg = Release|iPhone
		{D463210D-1832-4F31-B247-C6D79D4A610B}.Release|ARM.ActiveCfg = Release|iPhone
		{D463210D-1832-4F31-B247-C6D79D4A610B}.Release|iPhone.ActiveCfg = Release|iPhone
		{D463210D-1832-4F31-B247-C6D79D4A610B}.Release|iPhone.Build.0 = Release|iPhone
		{D463210D-1832-4F31-B247-C6D79D4A610B}.Release|iPhoneSimulator.ActiveCfg = Release|iPhoneSimulator
		{D463210D-1832-4F31-B247-C6D79D4A610B}.Release|iPhoneSimulator.Build.0 = Release|iPhoneSimulator
		{D463210D-1832-4F31-B247-C6D79D4A610B}.Release|x64.ActiveCfg = Release|iPhone
		{D463210D-1832-4F31-B247-C6D79D4A610B}.Release|x86.ActiveCfg = Release|iPhone
		{E46CB0D8-9060-48C0-9FF3-C96F188239C6}.Debug|Any CPU.ActiveCfg = Debug|Any CPU
		{E46CB0D8-9060-48C0-9FF3-C96F188239C6}.Debug|Any CPU.Build.0 = Debug|Any CPU
		{E46CB0D8-9060-48C0-9FF3-C96F188239C6}.Debug|ARM.ActiveCfg = Debug|Any CPU
		{E46CB0D8-9060-48C0-9FF3-C96F188239C6}.Debug|ARM.Build.0 = Debug|Any CPU
		{E46CB0D8-9060-48C0-9FF3-C96F188239C6}.Debug|iPhone.ActiveCfg = Debug|Any CPU
		{E46CB0D8-9060-48C0-9FF3-C96F188239C6}.Debug|iPhone.Build.0 = Debug|Any CPU
		{E46CB0D8-9060-48C0-9FF3-C96F188239C6}.Debug|iPhoneSimulator.ActiveCfg = Debug|Any CPU
		{E46CB0D8-9060-48C0-9FF3-C96F188239C6}.Debug|iPhoneSimulator.Build.0 = Debug|Any CPU
		{E46CB0D8-9060-48C0-9FF3-C96F188239C6}.Debug|x64.ActiveCfg = Debug|Any CPU
		{E46CB0D8-9060-48C0-9FF3-C96F188239C6}.Debug|x64.Build.0 = Debug|Any CPU
		{E46CB0D8-9060-48C0-9FF3-C96F188239C6}.Debug|x86.ActiveCfg = Debug|Any CPU
		{E46CB0D8-9060-48C0-9FF3-C96F188239C6}.Debug|x86.Build.0 = Debug|Any CPU
		{E46CB0D8-9060-48C0-9FF3-C96F188239C6}.Release|Any CPU.ActiveCfg = Release|Any CPU
		{E46CB0D8-9060-48C0-9FF3-C96F188239C6}.Release|Any CPU.Build.0 = Release|Any CPU
		{E46CB0D8-9060-48C0-9FF3-C96F188239C6}.Release|ARM.ActiveCfg = Release|Any CPU
		{E46CB0D8-9060-48C0-9FF3-C96F188239C6}.Release|ARM.Build.0 = Release|Any CPU
		{E46CB0D8-9060-48C0-9FF3-C96F188239C6}.Release|iPhone.ActiveCfg = Release|Any CPU
		{E46CB0D8-9060-48C0-9FF3-C96F188239C6}.Release|iPhone.Build.0 = Release|Any CPU
		{E46CB0D8-9060-48C0-9FF3-C96F188239C6}.Release|iPhoneSimulator.ActiveCfg = Release|Any CPU
		{E46CB0D8-9060-48C0-9FF3-C96F188239C6}.Release|iPhoneSimulator.Build.0 = Release|Any CPU
		{E46CB0D8-9060-48C0-9FF3-C96F188239C6}.Release|x64.ActiveCfg = Release|Any CPU
		{E46CB0D8-9060-48C0-9FF3-C96F188239C6}.Release|x64.Build.0 = Release|Any CPU
		{E46CB0D8-9060-48C0-9FF3-C96F188239C6}.Release|x86.ActiveCfg = Release|Any CPU
		{E46CB0D8-9060-48C0-9FF3-C96F188239C6}.Release|x86.Build.0 = Release|Any CPU
	EndGlobalSection
	GlobalSection(SolutionProperties) = preSolution
		HideSolutionNode = FALSE
	EndGlobalSection
	GlobalSection(NestedProjects) = preSolution
		{6D5792EB-2F86-4F51-B9CE-12EBCE392A32} = {43E50606-1561-4565-9937-AA482143C369}
		{FD5EDB7E-E774-4036-A47A-F93C30B33A86} = {43E50606-1561-4565-9937-AA482143C369}
		{420AF9F2-3589-4FA6-BA97-516BC4F794AB} = {43E50606-1561-4565-9937-AA482143C369}
		{6E8167D8-6D1E-4DB7-A5AB-ABF311F4F674} = {43E50606-1561-4565-9937-AA482143C369}
		{4023DC77-F63E-48AA-B39A-9D980AB5A93C} = {05F966A8-A1A0-46BB-997F-D2A5E8FA00EE}
		{675CB7E1-6925-44EF-B768-E3918F33409F} = {05F966A8-A1A0-46BB-997F-D2A5E8FA00EE}
		{D463210D-1832-4F31-B247-C6D79D4A610B} = {05F966A8-A1A0-46BB-997F-D2A5E8FA00EE}
		{E46CB0D8-9060-48C0-9FF3-C96F188239C6} = {05F966A8-A1A0-46BB-997F-D2A5E8FA00EE}
	EndGlobalSection
	GlobalSection(ExtensibilityGlobals) = postSolution
		SolutionGuid = {656BC716-76FD-4B68-AE40-50ECFAB239F9}
	EndGlobalSection
EndGlobal
